
Microsoft Visual Studio Solution File, Format Version 12.00
# Visual Studio Version 16
VisualStudioVersion = 16.0.30907.101
MinimumVisualStudioVersion = 10.0.40219.1
Project("{FAE04EC0-301F-11D3-BF4B-00C04F79EFBC}") = "test_321", "test_321\test_321.csproj", "{9EDB7C83-B5FC-4AC3-B880-EC146460E5F2}"
EndProject
Global
	GlobalSection(SolutionConfigurationPlatforms) = preSolution
		Debug|Any CPU = Debug|Any CPU
		Release|Any CPU = Release|Any CPU
	EndGlobalSection
	GlobalSection(ProjectConfigurationPlatforms) = postSolution
		{9EDB7C83-B5FC-4AC3-B880-EC146460E5F2}.Debug|Any CPU.ActiveCfg = Debug|Any CPU
		{9EDB7C83-B5FC-4AC3-B880-EC146460E5F2}.Debug|Any CPU.Build.0 = Debug|Any CPU
		{9EDB7C83-B5FC-4AC3-B880-EC146460E5F2}.Release|Any CPU.ActiveCfg = Release|Any CPU
		{9EDB7C83-B5FC-4AC3-B880-EC146460E5F2}.Release|Any CPU.Build.0 = Release|Any CPU
	EndGlobalSection
	GlobalSection(SolutionProperties) = preSolution
		HideSolutionNode = FALSE
	EndGlobalSection
	GlobalSection(ExtensibilityGlobals) = postSolution
		SolutionGuid = {B25460CB-5C54-408F-997E-57BC4B0DD9DD}
	EndGlobalSection
EndGlobal
